// !$*UTF8*$!
{
	archiveVersion = 1;
	classes = {
	};
	objectVersion = 56;
	objects = {

/* Begin PBXBuildFile section */
		B438EDCD299BE44E00B7C80B /* AppDelegate.swift in Sources */ = {isa = PBXBuildFile; fileRef = B438EDCC299BE44E00B7C80B /* AppDelegate.swift */; };
		B438EDCF299BE44E00B7C80B /* SceneDelegate.swift in Sources */ = {isa = PBXBuildFile; fileRef = B438EDCE299BE44E00B7C80B /* SceneDelegate.swift */; };
		B438EDD1299BE44E00B7C80B /* ImageViewController.swift in Sources */ = {isa = PBXBuildFile; fileRef = B438EDD0299BE44E00B7C80B /* ImageViewController.swift */; };
		B438EDD4299BE44E00B7C80B /* Main.storyboard in Resources */ = {isa = PBXBuildFile; fileRef = B438EDD2299BE44E00B7C80B /* Main.storyboard */; };
		B438EDD6299BE45000B7C80B /* Assets.xcassets in Resources */ = {isa = PBXBuildFile; fileRef = B438EDD5299BE45000B7C80B /* Assets.xcassets */; };
		B438EDD9299BE45000B7C80B /* LaunchScreen.storyboard in Resources */ = {isa = PBXBuildFile; fileRef = B438EDD7299BE45000B7C80B /* LaunchScreen.storyboard */; };
		B438EDE5299BFC2F00B7C80B /* Animal.swift in Sources */ = {isa = PBXBuildFile; fileRef = B438EDE4299BFC2F00B7C80B /* Animal.swift */; };
		B438EDE7299BFD3200B7C80B /* MainCollectionController.swift in Sources */ = {isa = PBXBuildFile; fileRef = B438EDE6299BFD3200B7C80B /* MainCollectionController.swift */; };
		B438EDE9299BFF0C00B7C80B /* UserActionCell.swift in Sources */ = {isa = PBXBuildFile; fileRef = B438EDE8299BFF0C00B7C80B /* UserActionCell.swift */; };
		B4A6A8BE299C07DF00547216 /* AllDogsTableViewController.swift in Sources */ = {isa = PBXBuildFile; fileRef = B4A6A8BD299C07DF00547216 /* AllDogsTableViewController.swift */; };
		B4A6A8C2299CC05A00547216 /* TableViewCell.swift in Sources */ = {isa = PBXBuildFile; fileRef = B4A6A8C1299CC05A00547216 /* TableViewCell.swift */; };
/* End PBXBuildFile section */

/* Begin PBXFileReference section */
		B438EDC9299BE44E00B7C80B /* NetworkApp.app */ = {isa = PBXFileReference; explicitFileType = wrapper.application; includeInIndex = 0; path = NetworkApp.app; sourceTree = BUILT_PRODUCTS_DIR; };
		B438EDCC299BE44E00B7C80B /* AppDelegate.swift */ = {isa = PBXFileReference; lastKnownFileType = sourcecode.swift; path = AppDelegate.swift; sourceTree = "<group>"; };
		B438EDCE299BE44E00B7C80B /* SceneDelegate.swift */ = {isa = PBXFileReference; lastKnownFileType = sourcecode.swift; path = SceneDelegate.swift; sourceTree = "<group>"; };
		B438EDD0299BE44E00B7C80B /* ImageViewController.swift */ = {isa = PBXFileReference; lastKnownFileType = sourcecode.swift; path = ImageViewController.swift; sourceTree = "<group>"; };
		B438EDD3299BE44E00B7C80B /* Base */ = {isa = PBXFileReference; lastKnownFileType = file.storyboard; name = Base; path = Base.lproj/Main.storyboard; sourceTree = "<group>"; };
		B438EDD5299BE45000B7C80B /* Assets.xcassets */ = {isa = PBXFileReference; lastKnownFileType = folder.assetcatalog; path = Assets.xcassets; sourceTree = "<group>"; };
		B438EDD8299BE45000B7C80B /* Base */ = {isa = PBXFileReference; lastKnownFileType = file.storyboard; name = Base; path = Base.lproj/LaunchScreen.storyboard; sourceTree = "<group>"; };
		B438EDDA299BE45000B7C80B /* Info.plist */ = {isa = PBXFileReference; lastKnownFileType = text.plist.xml; path = Info.plist; sourceTree = "<group>"; };
		B438EDE4299BFC2F00B7C80B /* Animal.swift */ = {isa = PBXFileReference; lastKnownFileType = sourcecode.swift; path = Animal.swift; sourceTree = "<group>"; };
		B438EDE6299BFD3200B7C80B /* MainCollectionController.swift */ = {isa = PBXFileReference; lastKnownFileType = sourcecode.swift; path = MainCollectionController.swift; sourceTree = "<group>"; };
		B438EDE8299BFF0C00B7C80B /* UserActionCell.swift */ = {isa = PBXFileReference; lastKnownFileType = sourcecode.swift; path = UserActionCell.swift; sourceTree = "<group>"; };
		B4A6A8BD299C07DF00547216 /* AllDogsTableViewController.swift */ = {isa = PBXFileReference; lastKnownFileType = sourcecode.swift; path = AllDogsTableViewController.swift; sourceTree = "<group>"; };
		B4A6A8C1299CC05A00547216 /* TableViewCell.swift */ = {isa = PBXFileReference; lastKnownFileType = sourcecode.swift; path = TableViewCell.swift; sourceTree = "<group>"; };
/* End PBXFileReference section */

/* Begin PBXFrameworksBuildPhase section */
		B438EDC6299BE44E00B7C80B /* Frameworks */ = {
			isa = PBXFrameworksBuildPhase;
			buildActionMask = 2147483647;
			files = (
			);
			runOnlyForDeploymentPostprocessing = 0;
		};
/* End PBXFrameworksBuildPhase section */

/* Begin PBXGroup section */
		B438EDC0299BE44E00B7C80B = {
			isa = PBXGroup;
			children = (
				B438EDCB299BE44E00B7C80B /* NetworkApp */,
				B438EDCA299BE44E00B7C80B /* Products */,
			);
			sourceTree = "<group>";
		};
		B438EDCA299BE44E00B7C80B /* Products */ = {
			isa = PBXGroup;
			children = (
				B438EDC9299BE44E00B7C80B /* NetworkApp.app */,
			);
			name = Products;
			sourceTree = "<group>";
		};
		B438EDCB299BE44E00B7C80B /* NetworkApp */ = {
			isa = PBXGroup;
			children = (
				B4A6A8BF299CC03000547216 /* Cells */,
				B438EDE3299BFC1500B7C80B /* Model */,
				B438EDE1299BE53300B7C80B /* ViewControllers */,
				B438EDE2299BE54500B7C80B /* Screens */,
				B438EDE0299BE51400B7C80B /* Supports */,
			);
			path = NetworkApp;
			sourceTree = "<group>";
		};
		B438EDE0299BE51400B7C80B /* Supports */ = {
			isa = PBXGroup;
			children = (
				B438EDCC299BE44E00B7C80B /* AppDelegate.swift */,
				B438EDCE299BE44E00B7C80B /* SceneDelegate.swift */,
				B438EDD5299BE45000B7C80B /* Assets.xcassets */,
				B438EDDA299BE45000B7C80B /* Info.plist */,
			);
			path = Supports;
			sourceTree = "<group>";
		};
		B438EDE1299BE53300B7C80B /* ViewControllers */ = {
			isa = PBXGroup;
			children = (
				B438EDD0299BE44E00B7C80B /* ImageViewController.swift */,
				B438EDE6299BFD3200B7C80B /* MainCollectionController.swift */,
				B4A6A8BD299C07DF00547216 /* AllDogsTableViewController.swift */,
			);
			path = ViewControllers;
			sourceTree = "<group>";
		};
		B438EDE2299BE54500B7C80B /* Screens */ = {
			isa = PBXGroup;
			children = (
				B438EDD2299BE44E00B7C80B /* Main.storyboard */,
				B438EDD7299BE45000B7C80B /* LaunchScreen.storyboard */,
			);
			path = Screens;
			sourceTree = "<group>";
		};
		B438EDE3299BFC1500B7C80B /* Model */ = {
			isa = PBXGroup;
			children = (
				B438EDE4299BFC2F00B7C80B /* Animal.swift */,
			);
			path = Model;
			sourceTree = "<group>";
		};
		B4A6A8BF299CC03000547216 /* Cells */ = {
			isa = PBXGroup;
			children = (
				B438EDE8299BFF0C00B7C80B /* UserActionCell.swift */,
				B4A6A8C1299CC05A00547216 /* TableViewCell.swift */,
			);
			path = Cells;
			sourceTree = "<group>";
		};
/* End PBXGroup section */

/* Begin PBXNativeTarget section */
		B438EDC8299BE44E00B7C80B /* NetworkApp */ = {
			isa = PBXNativeTarget;
			buildConfigurationList = B438EDDD299BE45000B7C80B /* Build configuration list for PBXNativeTarget "NetworkApp" */;
			buildPhases = (
				B438EDC5299BE44E00B7C80B /* Sources */,
				B438EDC6299BE44E00B7C80B /* Frameworks */,
				B438EDC7299BE44E00B7C80B /* Resources */,
			);
			buildRules = (
			);
			dependencies = (
			);
			name = NetworkApp;
			productName = NetworkApp;
			productReference = B438EDC9299BE44E00B7C80B /* NetworkApp.app */;
			productType = "com.apple.product-type.application";
		};
/* End PBXNativeTarget section */

/* Begin PBXProject section */
		B438EDC1299BE44E00B7C80B /* Project object */ = {
			isa = PBXProject;
			attributes = {
				BuildIndependentTargetsInParallel = 1;
				LastSwiftUpdateCheck = 1420;
				LastUpgradeCheck = 1420;
				TargetAttributes = {
					B438EDC8299BE44E00B7C80B = {
						CreatedOnToolsVersion = 14.2;
					};
				};
			};
			buildConfigurationList = B438EDC4299BE44E00B7C80B /* Build configuration list for PBXProject "NetworkApp" */;
			compatibilityVersion = "Xcode 14.0";
			developmentRegion = en;
			hasScannedForEncodings = 0;
			knownRegions = (
				en,
				Base,
			);
			mainGroup = B438EDC0299BE44E00B7C80B;
			productRefGroup = B438EDCA299BE44E00B7C80B /* Products */;
			projectDirPath = "";
			projectRoot = "";
			targets = (
				B438EDC8299BE44E00B7C80B /* NetworkApp */,
			);
		};
/* End PBXProject section */

/* Begin PBXResourcesBuildPhase section */
		B438EDC7299BE44E00B7C80B /* Resources */ = {
			isa = PBXResourcesBuildPhase;
			buildActionMask = 2147483647;
			files = (
				B438EDD9299BE45000B7C80B /* LaunchScreen.storyboard in Resources */,
				B438EDD6299BE45000B7C80B /* Assets.xcassets in Resources */,
				B438EDD4299BE44E00B7C80B /* Main.storyboard in Resources */,
			);
			runOnlyForDeploymentPostprocessing = 0;
		};
/* End PBXResourcesBuildPhase section */

/* Begin PBXSourcesBuildPhase section */
		B438EDC5299BE44E00B7C80B /* Sources */ = {
			isa = PBXSourcesBuildPhase;
			buildActionMask = 2147483647;
			files = (
				B438EDD1299BE44E00B7C80B /* ImageViewController.swift in Sources */,
				B4A6A8C2299CC05A00547216 /* TableViewCell.swift in Sources */,
				B4A6A8BE299C07DF00547216 /* AllDogsTableViewController.swift in Sources */,
				B438EDE5299BFC2F00B7C80B /* Animal.swift in Sources */,
				B438EDE9299BFF0C00B7C80B /* UserActionCell.swift in Sources */,
				B438EDE7299BFD3200B7C80B /* MainCollectionController.swift in Sources */,
				B438EDCD299BE44E00B7C80B /* AppDelegate.swift in Sources */,
				B438EDCF299BE44E00B7C80B /* SceneDelegate.swift in Sources */,
			);
			runOnlyForDeploymentPostprocessing = 0;
		};
/* End PBXSourcesBuildPhase section */

/* Begin PBXVariantGroup section */
		B438EDD2299BE44E00B7C80B /* Main.storyboard */ = {
			isa = PBXVariantGroup;
			children = (
				B438EDD3299BE44E00B7C80B /* Base */,
			);
			name = Main.storyboard;
			sourceTree = "<group>";
		};
		B438EDD7299BE45000B7C80B /* LaunchScreen.storyboard */ = {
			isa = PBXVariantGroup;
			children = (
				B438EDD8299BE45000B7C80B /* Base */,
			);
			name = LaunchScreen.storyboard;
			sourceTree = "<group>";
		};
/* End PBXVariantGroup section */

/* Begin XCBuildConfiguration section */
		B438EDDB299BE45000B7C80B /* Debug */ = {
			isa = XCBuildConfiguration;
			buildSettings = {
				ALWAYS_SEARCH_USER_PATHS = NO;
				CLANG_ANALYZER_NONNULL = YES;
				CLANG_ANALYZER_NUMBER_OBJECT_CONVERSION = YES_AGGRESSIVE;
				CLANG_CXX_LANGUAGE_STANDARD = "gnu++20";
				CLANG_ENABLE_MODULES = YES;
				CLANG_ENABLE_OBJC_ARC = YES;
				CLANG_ENABLE_OBJC_WEAK = YES;
				CLANG_WARN_BLOCK_CAPTURE_AUTORELEASING = YES;
				CLANG_WARN_BOOL_CONVERSION = YES;
				CLANG_WARN_COMMA = YES;
				CLANG_WARN_CONSTANT_CONVERSION = YES;
				CLANG_WARN_DEPRECATED_OBJC_IMPLEMENTATIONS = YES;
				CLANG_WARN_DIRECT_OBJC_ISA_USAGE = YES_ERROR;
				CLANG_WARN_DOCUMENTATION_COMMENTS = YES;
				CLANG_WARN_EMPTY_BODY = YES;
				CLANG_WARN_ENUM_CONVERSION = YES;
				CLANG_WARN_INFINITE_RECURSION = YES;
				CLANG_WARN_INT_CONVERSION = YES;
				CLANG_WARN_NON_LITERAL_NULL_CONVERSION = YES;
				CLANG_WARN_OBJC_IMPLICIT_RETAIN_SELF = YES;
				CLANG_WARN_OBJC_LITERAL_CONVERSION = YES;
				CLANG_WARN_OBJC_ROOT_CLASS = YES_ERROR;
				CLANG_WARN_QUOTED_INCLUDE_IN_FRAMEWORK_HEADER = YES;
				CLANG_WARN_RANGE_LOOP_ANALYSIS = YES;
				CLANG_WARN_STRICT_PROTOTYPES = YES;
				CLANG_WARN_SUSPICIOUS_MOVE = YES;
				CLANG_WARN_UNGUARDED_AVAILABILITY = YES_AGGRESSIVE;
				CLANG_WARN_UNREACHABLE_CODE = YES;
				CLANG_WARN__DUPLICATE_METHOD_MATCH = YES;
				COPY_PHASE_STRIP = NO;
				DEBUG_INFORMATION_FORMAT = dwarf;
				ENABLE_STRICT_OBJC_MSGSEND = YES;
				ENABLE_TESTABILITY = YES;
				GCC_C_LANGUAGE_STANDARD = gnu11;
				GCC_DYNAMIC_NO_PIC = NO;
				GCC_NO_COMMON_BLOCKS = YES;
				GCC_OPTIMIZATION_LEVEL = 0;
				GCC_PREPROCESSOR_DEFINITIONS = (
					"DEBUG=1",
					"$(inherited)",
				);
				GCC_WARN_64_TO_32_BIT_CONVERSION = YES;
				GCC_WARN_ABOUT_RETURN_TYPE = YES_ERROR;
				GCC_WARN_UNDECLARED_SELECTOR = YES;
				GCC_WARN_UNINITIALIZED_AUTOS = YES_AGGRESSIVE;
				GCC_WARN_UNUSED_FUNCTION = YES;
				GCC_WARN_UNUSED_VARIABLE = YES;
				IPHONEOS_DEPLOYMENT_TARGET = 16.2;
				MTL_ENABLE_DEBUG_INFO = INCLUDE_SOURCE;
				MTL_FAST_MATH = YES;
				ONLY_ACTIVE_ARCH = YES;
				SDKROOT = iphoneos;
				SWIFT_ACTIVE_COMPILATION_CONDITIONS = DEBUG;
				SWIFT_OPTIMIZATION_LEVEL = "-Onone";
			};
			name = Debug;
		};
		B438EDDC299BE45000B7C80B /* Release */ = {
			isa = XCBuildConfiguration;
			buildSettings = {
				ALWAYS_SEARCH_USER_PATHS = NO;
				CLANG_ANALYZER_NONNULL = YES;
				CLANG_ANALYZER_NUMBER_OBJECT_CONVERSION = YES_AGGRESSIVE;
				CLANG_CXX_LANGUAGE_STANDARD = "gnu++20";
				CLANG_ENABLE_MODULES = YES;
				CLANG_ENABLE_OBJC_ARC = YES;
				CLANG_ENABLE_OBJC_WEAK = YES;
				CLANG_WARN_BLOCK_CAPTURE_AUTORELEASING = YES;
				CLANG_WARN_BOOL_CONVERSION = YES;
				CLANG_WARN_COMMA = YES;
				CLANG_WARN_CONSTANT_CONVERSION = YES;
				CLANG_WARN_DEPRECATED_OBJC_IMPLEMENTATIONS = YES;
				CLANG_WARN_DIRECT_OBJC_ISA_USAGE = YES_ERROR;
				CLANG_WARN_DOCUMENTATION_COMMENTS = YES;
				CLANG_WARN_EMPTY_BODY = YES;
				CLANG_WARN_ENUM_CONVERSION = YES;
				CLANG_WARN_INFINITE_RECURSION = YES;
				CLANG_WARN_INT_CONVERSION = YES;
				CLANG_WARN_NON_LITERAL_NULL_CONVERSION = YES;
				CLANG_WARN_OBJC_IMPLICIT_RETAIN_SELF = YES;
				CLANG_WARN_OBJC_LITERAL_CONVERSION = YES;
				CLANG_WARN_OBJC_ROOT_CLASS = YES_ERROR;
				CLANG_WARN_QUOTED_INCLUDE_IN_FRAMEWORK_HEADER = YES;
				CLANG_WARN_RANGE_LOOP_ANALYSIS = YES;
				CLANG_WARN_STRICT_PROTOTYPES = YES;
				CLANG_WARN_SUSPICIOUS_MOVE = YES;
				CLANG_WARN_UNGUARDED_AVAILABILITY = YES_AGGRESSIVE;
				CLANG_WARN_UNREACHABLE_CODE = YES;
				CLANG_WARN__DUPLICATE_METHOD_MATCH = YES;
				COPY_PHASE_STRIP = NO;
				DEBUG_INFORMATION_FORMAT = "dwarf-with-dsym";
				ENABLE_NS_ASSERTIONS = NO;
				ENABLE_STRICT_OBJC_MSGSEND = YES;
				GCC_C_LANGUAGE_STANDARD = gnu11;
				GCC_NO_COMMON_BLOCKS = YES;
				GCC_WARN_64_TO_32_BIT_CONVERSION = YES;
				GCC_WARN_ABOUT_RETURN_TYPE = YES_ERROR;
				GCC_WARN_UNDECLARED_SELECTOR = YES;
				GCC_WARN_UNINITIALIZED_AUTOS = YES_AGGRESSIVE;
				GCC_WARN_UNUSED_FUNCTION = YES;
				GCC_WARN_UNUSED_VARIABLE = YES;
				IPHONEOS_DEPLOYMENT_TARGET = 16.2;
				MTL_ENABLE_DEBUG_INFO = NO;
				MTL_FAST_MATH = YES;
				SDKROOT = iphoneos;
				SWIFT_COMPILATION_MODE = wholemodule;
				SWIFT_OPTIMIZATION_LEVEL = "-O";
				VALIDATE_PRODUCT = YES;
			};
			name = Release;
		};
		B438EDDE299BE45000B7C80B /* Debug */ = {
			isa = XCBuildConfiguration;
			buildSettings = {
				ASSETCATALOG_COMPILER_APPICON_NAME = AppIcon;
				ASSETCATALOG_COMPILER_GLOBAL_ACCENT_COLOR_NAME = AccentColor;
				CODE_SIGN_STYLE = Automatic;
				CURRENT_PROJECT_VERSION = 1;
				DEVELOPMENT_TEAM = BVXR3NMJ8K;
				GENERATE_INFOPLIST_FILE = YES;
				INFOPLIST_FILE = NetworkApp/Supports/Info.plist;
				INFOPLIST_KEY_UIApplicationSupportsIndirectInputEvents = YES;
				INFOPLIST_KEY_UILaunchStoryboardName = LaunchScreen;
				INFOPLIST_KEY_UIMainStoryboardFile = Main;
				INFOPLIST_KEY_UISupportedInterfaceOrientations_iPad = "UIInterfaceOrientationPortrait UIInterfaceOrientationPortraitUpsideDown UIInterfaceOrientationLandscapeLeft UIInterfaceOrientationLandscapeRight";
				INFOPLIST_KEY_UISupportedInterfaceOrientations_iPhone = "UIInterfaceOrientationPortrait UIInterfaceOrientationLandscapeLeft UIInterfaceOrientationLandscapeRight";
				LD_RUNPATH_SEARCH_PATHS = (
					"$(inherited)",
					"@executable_path/Frameworks",
				);
				MARKETING_VERSION = 1.0;
				PRODUCT_BUNDLE_IDENTIFIER = aidarbye.NetworkApp;
				PRODUCT_NAME = "$(TARGET_NAME)";
				SUPPORTED_PLATFORMS = "iphoneos iphonesimulator";
				SUPPORTS_MACCATALYST = NO;
				SUPPORTS_MAC_DESIGNED_FOR_IPHONE_IPAD = NO;
				SWIFT_EMIT_LOC_STRINGS = YES;
				SWIFT_VERSION = 5.0;
				TARGETED_DEVICE_FAMILY = 1;
			};
			name = Debug;
		};
		B438EDDF299BE45000B7C80B /* Release */ = {
			isa = XCBuildConfiguration;
			buildSettings = {
				ASSETCATALOG_COMPILER_APPICON_NAME = AppIcon;
				ASSETCATALOG_COMPILER_GLOBAL_ACCENT_COLOR_NAME = AccentColor;
				CODE_SIGN_STYLE = Automatic;
				CURRENT_PROJECT_VERSION = 1;
				DEVELOPMENT_TEAM = BVXR3NMJ8K;
				GENERATE_INFOPLIST_FILE = YES;
				INFOPLIST_FILE = NetworkApp/Supports/Info.plist;
				INFOPLIST_KEY_UIApplicationSupportsIndirectInputEvents = YES;
				INFOPLIST_KEY_UILaunchStoryboardName = LaunchScreen;
				INFOPLIST_KEY_UIMainStoryboardFile = Main;
				INFOPLIST_KEY_UISupportedInterfaceOrientations_iPad = "UIInterfaceOrientationPortrait UIInterfaceOrientationPortraitUpsideDown UIInterfaceOrientationLandscapeLeft UIInterfaceOrientationLandscapeRight";
				INFOPLIST_KEY_UISupportedInterfaceOrientations_iPhone = "UIInterfaceOrientationPortrait UIInterfaceOrientationLandscapeLeft UIInterfaceOrientationLandscapeRight";
				LD_RUNPATH_SEARCH_PATHS = (
					"$(inherited)",
					"@executable_path/Frameworks",
				);
				MARKETING_VERSION = 1.0;
				PRODUCT_BUNDLE_IDENTIFIER = aidarbye.NetworkApp;
				PRODUCT_NAME = "$(TARGET_NAME)";
				SUPPORTED_PLATFORMS = "iphoneos iphonesimulator";
				SUPPORTS_MACCATALYST = NO;
				SUPPORTS_MAC_DESIGNED_FOR_IPHONE_IPAD = NO;
				SWIFT_EMIT_LOC_STRINGS = YES;
				SWIFT_VERSION = 5.0;
				TARGETED_DEVICE_FAMILY = 1;
			};
			name = Release;
		};
/* End XCBuildConfiguration section */

/* Begin XCConfigurationList section */
		B438EDC4299BE44E00B7C80B /* Build configuration list for PBXProject "NetworkApp" */ = {
			isa = XCConfigurationList;
			buildConfigurations = (
				B438EDDB299BE45000B7C80B /* Debug */,
				B438EDDC299BE45000B7C80B /* Release */,
			);
			defaultConfigurationIsVisible = 0;
			defaultConfigurationName = Release;
		};
		B438EDDD299BE45000B7C80B /* Build configuration list for PBXNativeTarget "NetworkApp" */ = {
			isa = XCConfigurationList;
			buildConfigurations = (
				B438EDDE299BE45000B7C80B /* Debug */,
				B438EDDF299BE45000B7C80B /* Release */,
			);
			defaultConfigurationIsVisible = 0;
			defaultConfigurationName = Release;
		};
/* End XCConfigurationList section */
	};
	rootObject = B438EDC1299BE44E00B7C80B /* Project object */;
}
